github.com/davibelini/yahtml v0.0.0-20210113033208-8a32ef2c30cc h1:cQu3oVcpei6UBHE5OmSh+L7aSa4/KnLBwpME9wpq8U8=
github.com/davibelini/yahtml/mod/tokens v0.0.0-20210113033208-8a32ef2c30cc h1:4XHxkSwpKZqfOXlpW99Yz57kFYkr7wF/YGZ3uKpjvas=
github.com/davibelini/yahtml/mod/tokens v0.0.0-20210113033208-8a32ef2c30cc/go.mod h1:Y7KnKNOg5VxfUtaQxJFjMixZo9Je3RgdbiF9oxgQVMs=
